// !$*UTF8*$!
{
	archiveVersion = 1;
	classes = {
	};
	objectVersion = 56;
	objects = {

/* Begin PBXBuildFile section */
		5696D9682B634A520083586A /* AppDelegate.swift in Sources */ = {isa = PBXBuildFile; fileRef = 5696D9672B634A520083586A /* AppDelegate.swift */; };
		5696D96A2B634A520083586A /* SceneDelegate.swift in Sources */ = {isa = PBXBuildFile; fileRef = 5696D9692B634A520083586A /* SceneDelegate.swift */; };
		5696D96C2B634A520083586A /* ViewController.swift in Sources */ = {isa = PBXBuildFile; fileRef = 5696D96B2B634A520083586A /* ViewController.swift */; };
		5696D96F2B634A520083586A /* Main.storyboard in Resources */ = {isa = PBXBuildFile; fileRef = 5696D96D2B634A520083586A /* Main.storyboard */; };
		5696D9712B634A540083586A /* Assets.xcassets in Resources */ = {isa = PBXBuildFile; fileRef = 5696D9702B634A540083586A /* Assets.xcassets */; };
		5696D9742B634A540083586A /* LaunchScreen.storyboard in Resources */ = {isa = PBXBuildFile; fileRef = 5696D9722B634A540083586A /* LaunchScreen.storyboard */; };
		5696D97F2B634A540083586A /* SpartagramTests.swift in Sources */ = {isa = PBXBuildFile; fileRef = 5696D97E2B634A540083586A /* SpartagramTests.swift */; };
		5696D9892B634A540083586A /* SpartagramUITests.swift in Sources */ = {isa = PBXBuildFile; fileRef = 5696D9882B634A540083586A /* SpartagramUITests.swift */; };
		5696D98B2B634A540083586A /* SpartagramUITestsLaunchTests.swift in Sources */ = {isa = PBXBuildFile; fileRef = 5696D98A2B634A540083586A /* SpartagramUITestsLaunchTests.swift */; };
		56AB171E2B634B7400FEBBDF /* ProfileDesignViewController.swift in Sources */ = {isa = PBXBuildFile; fileRef = 56AB171D2B634B7400FEBBDF /* ProfileDesignViewController.swift */; };
		56AB17202B64F08D00FEBBDF /* MainViewController.swift in Sources */ = {isa = PBXBuildFile; fileRef = 56AB171F2B64F08D00FEBBDF /* MainViewController.swift */; };
/* End PBXBuildFile section */

/* Begin PBXContainerItemProxy section */
		5696D97B2B634A540083586A /* PBXContainerItemProxy */ = {
			isa = PBXContainerItemProxy;
			containerPortal = 5696D95C2B634A520083586A /* Project object */;
			proxyType = 1;
			remoteGlobalIDString = 5696D9632B634A520083586A;
			remoteInfo = Spartagram;
		};
		5696D9852B634A540083586A /* PBXContainerItemProxy */ = {
			isa = PBXContainerItemProxy;
			containerPortal = 5696D95C2B634A520083586A /* Project object */;
			proxyType = 1;
			remoteGlobalIDString = 5696D9632B634A520083586A;
			remoteInfo = Spartagram;
		};
/* End PBXContainerItemProxy section */

/* Begin PBXFileReference section */
		5696D9642B634A520083586A /* Spartagram.app */ = {isa = PBXFileReference; explicitFileType = wrapper.application; includeInIndex = 0; path = Spartagram.app; sourceTree = BUILT_PRODUCTS_DIR; };
		5696D9672B634A520083586A /* AppDelegate.swift */ = {isa = PBXFileReference; lastKnownFileType = sourcecode.swift; path = AppDelegate.swift; sourceTree = "<group>"; };
		5696D9692B634A520083586A /* SceneDelegate.swift */ = {isa = PBXFileReference; lastKnownFileType = sourcecode.swift; path = SceneDelegate.swift; sourceTree = "<group>"; };
		5696D96B2B634A520083586A /* ViewController.swift */ = {isa = PBXFileReference; lastKnownFileType = sourcecode.swift; path = ViewController.swift; sourceTree = "<group>"; };
		5696D96E2B634A520083586A /* Base */ = {isa = PBXFileReference; lastKnownFileType = file.storyboard; name = Base; path = Base.lproj/Main.storyboard; sourceTree = "<group>"; };
		5696D9702B634A540083586A /* Assets.xcassets */ = {isa = PBXFileReference; lastKnownFileType = folder.assetcatalog; path = Assets.xcassets; sourceTree = "<group>"; };
		5696D9732B634A540083586A /* Base */ = {isa = PBXFileReference; lastKnownFileType = file.storyboard; name = Base; path = Base.lproj/LaunchScreen.storyboard; sourceTree = "<group>"; };
		5696D9752B634A540083586A /* Info.plist */ = {isa = PBXFileReference; lastKnownFileType = text.plist.xml; path = Info.plist; sourceTree = "<group>"; };
		5696D97A2B634A540083586A /* SpartagramTests.xctest */ = {isa = PBXFileReference; explicitFileType = wrapper.cfbundle; includeInIndex = 0; path = SpartagramTests.xctest; sourceTree = BUILT_PRODUCTS_DIR; };
		5696D97E2B634A540083586A /* SpartagramTests.swift */ = {isa = PBXFileReference; lastKnownFileType = sourcecode.swift; path = SpartagramTests.swift; sourceTree = "<group>"; };
		5696D9842B634A540083586A /* SpartagramUITests.xctest */ = {isa = PBXFileReference; explicitFileType = wrapper.cfbundle; includeInIndex = 0; path = SpartagramUITests.xctest; sourceTree = BUILT_PRODUCTS_DIR; };
		5696D9882B634A540083586A /* SpartagramUITests.swift */ = {isa = PBXFileReference; lastKnownFileType = sourcecode.swift; path = SpartagramUITests.swift; sourceTree = "<group>"; };
		5696D98A2B634A540083586A /* SpartagramUITestsLaunchTests.swift */ = {isa = PBXFileReference; lastKnownFileType = sourcecode.swift; path = SpartagramUITestsLaunchTests.swift; sourceTree = "<group>"; };
		56AB171D2B634B7400FEBBDF /* ProfileDesignViewController.swift */ = {isa = PBXFileReference; lastKnownFileType = sourcecode.swift; path = ProfileDesignViewController.swift; sourceTree = "<group>"; };
		56AB171F2B64F08D00FEBBDF /* MainViewController.swift */ = {isa = PBXFileReference; lastKnownFileType = sourcecode.swift; path = MainViewController.swift; sourceTree = "<group>"; };
/* End PBXFileReference section */

/* Begin PBXFrameworksBuildPhase section */
		5696D9612B634A520083586A /* Frameworks */ = {
			isa = PBXFrameworksBuildPhase;
			buildActionMask = 2147483647;
			files = (
			);
			runOnlyForDeploymentPostprocessing = 0;
		};
		5696D9772B634A540083586A /* Frameworks */ = {
			isa = PBXFrameworksBuildPhase;
			buildActionMask = 2147483647;
			files = (
			);
			runOnlyForDeploymentPostprocessing = 0;
		};
		5696D9812B634A540083586A /* Frameworks */ = {
			isa = PBXFrameworksBuildPhase;
			buildActionMask = 2147483647;
			files = (
			);
			runOnlyForDeploymentPostprocessing = 0;
		};
/* End PBXFrameworksBuildPhase section */

/* Begin PBXGroup section */
		5696D95B2B634A520083586A = {
			isa = PBXGroup;
			children = (
				5696D9662B634A520083586A /* Spartagram */,
				5696D97D2B634A540083586A /* SpartagramTests */,
				5696D9872B634A540083586A /* SpartagramUITests */,
				5696D9652B634A520083586A /* Products */,
			);
			sourceTree = "<group>";
		};
		5696D9652B634A520083586A /* Products */ = {
			isa = PBXGroup;
			children = (
				5696D9642B634A520083586A /* Spartagram.app */,
				5696D97A2B634A540083586A /* SpartagramTests.xctest */,
				5696D9842B634A540083586A /* SpartagramUITests.xctest */,
			);
			name = Products;
			sourceTree = "<group>";
		};
		5696D9662B634A520083586A /* Spartagram */ = {
			isa = PBXGroup;
			children = (
				5696D9672B634A520083586A /* AppDelegate.swift */,
				5696D9692B634A520083586A /* SceneDelegate.swift */,
				5696D96B2B634A520083586A /* ViewController.swift */,
				56AB171F2B64F08D00FEBBDF /* MainViewController.swift */,
				56AB171D2B634B7400FEBBDF /* ProfileDesignViewController.swift */,
				5696D96D2B634A520083586A /* Main.storyboard */,
				5696D9702B634A540083586A /* Assets.xcassets */,
				5696D9722B634A540083586A /* LaunchScreen.storyboard */,
				5696D9752B634A540083586A /* Info.plist */,
			);
			path = Spartagram;
			sourceTree = "<group>";
		};
		5696D97D2B634A540083586A /* SpartagramTests */ = {
			isa = PBXGroup;
			children = (
				5696D97E2B634A540083586A /* SpartagramTests.swift */,
			);
			path = SpartagramTests;
			sourceTree = "<group>";
		};
		5696D9872B634A540083586A /* SpartagramUITests */ = {
			isa = PBXGroup;
			children = (
				5696D9882B634A540083586A /* SpartagramUITests.swift */,
				5696D98A2B634A540083586A /* SpartagramUITestsLaunchTests.swift */,
			);
			path = SpartagramUITests;
			sourceTree = "<group>";
		};
/* End PBXGroup section */

/* Begin PBXNativeTarget section */
		5696D9632B634A520083586A /* Spartagram */ = {
			isa = PBXNativeTarget;
			buildConfigurationList = 5696D98E2B634A540083586A /* Build configuration list for PBXNativeTarget "Spartagram" */;
			buildPhases = (
				5696D9602B634A520083586A /* Sources */,
				5696D9612B634A520083586A /* Frameworks */,
				5696D9622B634A520083586A /* Resources */,
			);
			buildRules = (
			);
			dependencies = (
			);
			name = Spartagram;
			productName = Spartagram;
			productReference = 5696D9642B634A520083586A /* Spartagram.app */;
			productType = "com.apple.product-type.application";
		};
		5696D9792B634A540083586A /* SpartagramTests */ = {
			isa = PBXNativeTarget;
			buildConfigurationList = 5696D9912B634A540083586A /* Build configuration list for PBXNativeTarget "SpartagramTests" */;
			buildPhases = (
				5696D9762B634A540083586A /* Sources */,
				5696D9772B634A540083586A /* Frameworks */,
				5696D9782B634A540083586A /* Resources */,
			);
			buildRules = (
			);
			dependencies = (
				5696D97C2B634A540083586A /* PBXTargetDependency */,
			);
			name = SpartagramTests;
			productName = SpartagramTests;
			productReference = 5696D97A2B634A540083586A /* SpartagramTests.xctest */;
			productType = "com.apple.product-type.bundle.unit-test";
		};
		5696D9832B634A540083586A /* SpartagramUITests */ = {
			isa = PBXNativeTarget;
			buildConfigurationList = 5696D9942B634A540083586A /* Build configuration list for PBXNativeTarget "SpartagramUITests" */;
			buildPhases = (
				5696D9802B634A540083586A /* Sources */,
				5696D9812B634A540083586A /* Frameworks */,
				5696D9822B634A540083586A /* Resources */,
			);
			buildRules = (
			);
			dependencies = (
				5696D9862B634A540083586A /* PBXTargetDependency */,
			);
			name = SpartagramUITests;
			productName = SpartagramUITests;
			productReference = 5696D9842B634A540083586A /* SpartagramUITests.xctest */;
			productType = "com.apple.product-type.bundle.ui-testing";
		};
/* End PBXNativeTarget section */

/* Begin PBXProject section */
		5696D95C2B634A520083586A /* Project object */ = {
			isa = PBXProject;
			attributes = {
				BuildIndependentTargetsInParallel = 1;
				LastSwiftUpdateCheck = 1520;
				LastUpgradeCheck = 1520;
				TargetAttributes = {
					5696D9632B634A520083586A = {
						CreatedOnToolsVersion = 15.2;
					};
					5696D9792B634A540083586A = {
						CreatedOnToolsVersion = 15.2;
						TestTargetID = 5696D9632B634A520083586A;
					};
					5696D9832B634A540083586A = {
						CreatedOnToolsVersion = 15.2;
						TestTargetID = 5696D9632B634A520083586A;
					};
				};
			};
			buildConfigurationList = 5696D95F2B634A520083586A /* Build configuration list for PBXProject "Spartagram" */;
			compatibilityVersion = "Xcode 14.0";
			developmentRegion = en;
			hasScannedForEncodings = 0;
			knownRegions = (
				en,
				Base,
			);
			mainGroup = 5696D95B2B634A520083586A;
			productRefGroup = 5696D9652B634A520083586A /* Products */;
			projectDirPath = "";
			projectRoot = "";
			targets = (
				5696D9632B634A520083586A /* Spartagram */,
				5696D9792B634A540083586A /* SpartagramTests */,
				5696D9832B634A540083586A /* SpartagramUITests */,
			);
		};
/* End PBXProject section */

/* Begin PBXResourcesBuildPhase section */
		5696D9622B634A520083586A /* Resources */ = {
			isa = PBXResourcesBuildPhase;
			buildActionMask = 2147483647;
			files = (
				5696D9742B634A540083586A /* LaunchScreen.storyboard in Resources */,
				5696D9712B634A540083586A /* Assets.xcassets in Resources */,
				5696D96F2B634A520083586A /* Main.storyboard in Resources */,
			);
			runOnlyForDeploymentPostprocessing = 0;
		};
		5696D9782B634A540083586A /* Resources */ = {
			isa = PBXResourcesBuildPhase;
			buildActionMask = 2147483647;
			files = (
			);
			runOnlyForDeploymentPostprocessing = 0;
		};
		5696D9822B634A540083586A /* Resources */ = {
			isa = PBXResourcesBuildPhase;
			buildActionMask = 2147483647;
			files = (
			);
			runOnlyForDeploymentPostprocessing = 0;
		};
/* End PBXResourcesBuildPhase section */

/* Begin PBXSourcesBuildPhase section */
		5696D9602B634A520083586A /* Sources */ = {
			isa = PBXSourcesBuildPhase;
			buildActionMask = 2147483647;
			files = (
				5696D96C2B634A520083586A /* ViewController.swift in Sources */,
				5696D9682B634A520083586A /* AppDelegate.swift in Sources */,
				56AB171E2B634B7400FEBBDF /* ProfileDesignViewController.swift in Sources */,
				5696D96A2B634A520083586A /* SceneDelegate.swift in Sources */,
				56AB17202B64F08D00FEBBDF /* MainViewController.swift in Sources */,
			);
			runOnlyForDeploymentPostprocessing = 0;
		};
		5696D9762B634A540083586A /* Sources */ = {
			isa = PBXSourcesBuildPhase;
			buildActionMask = 2147483647;
			files = (
				5696D97F2B634A540083586A /* SpartagramTests.swift in Sources */,
			);
			runOnlyForDeploymentPostprocessing = 0;
		};
		5696D9802B634A540083586A /* Sources */ = {
			isa = PBXSourcesBuildPhase;
			buildActionMask = 2147483647;
			files = (
				5696D98B2B634A540083586A /* SpartagramUITestsLaunchTests.swift in Sources */,
				5696D9892B634A540083586A /* SpartagramUITests.swift in Sources */,
			);
			runOnlyForDeploymentPostprocessing = 0;
		};
/* End PBXSourcesBuildPhase section */

/* Begin PBXTargetDependency section */
		5696D97C2B634A540083586A /* PBXTargetDependency */ = {
			isa = PBXTargetDependency;
			target = 5696D9632B634A520083586A /* Spartagram */;
			targetProxy = 5696D97B2B634A540083586A /* PBXContainerItemProxy */;
		};
		5696D9862B634A540083586A /* PBXTargetDependency */ = {
			isa = PBXTargetDependency;
			target = 5696D9632B634A520083586A /* Spartagram */;
			targetProxy = 5696D9852B634A540083586A /* PBXContainerItemProxy */;
		};
/* End PBXTargetDependency section */

/* Begin PBXVariantGroup section */
		5696D96D2B634A520083586A /* Main.storyboard */ = {
			isa = PBXVariantGroup;
			children = (
				5696D96E2B634A520083586A /* Base */,
			);
			name = Main.storyboard;
			sourceTree = "<group>";
		};
		5696D9722B634A540083586A /* LaunchScreen.storyboard */ = {
			isa = PBXVariantGroup;
			children = (
				5696D9732B634A540083586A /* Base */,
			);
			name = LaunchScreen.storyboard;
			sourceTree = "<group>";
		};
/* End PBXVariantGroup section */

/* Begin XCBuildConfiguration section */
		5696D98C2B634A540083586A /* Debug */ = {
			isa = XCBuildConfiguration;
			buildSettings = {
				ALWAYS_SEARCH_USER_PATHS = NO;
				ASSETCATALOG_COMPILER_GENERATE_SWIFT_ASSET_SYMBOL_EXTENSIONS = YES;
				CLANG_ANALYZER_NONNULL = YES;
				CLANG_ANALYZER_NUMBER_OBJECT_CONVERSION = YES_AGGRESSIVE;
				CLANG_CXX_LANGUAGE_STANDARD = "gnu++20";
				CLANG_ENABLE_MODULES = YES;
				CLANG_ENABLE_OBJC_ARC = YES;
				CLANG_ENABLE_OBJC_WEAK = YES;
				CLANG_WARN_BLOCK_CAPTURE_AUTORELEASING = YES;
				CLANG_WARN_BOOL_CONVERSION = YES;
				CLANG_WARN_COMMA = YES;
				CLANG_WARN_CONSTANT_CONVERSION = YES;
				CLANG_WARN_DEPRECATED_OBJC_IMPLEMENTATIONS = YES;
				CLANG_WARN_DIRECT_OBJC_ISA_USAGE = YES_ERROR;
				CLANG_WARN_DOCUMENTATION_COMMENTS = YES;
				CLANG_WARN_EMPTY_BODY = YES;
				CLANG_WARN_ENUM_CONVERSION = YES;
				CLANG_WARN_INFINITE_RECURSION = YES;
				CLANG_WARN_INT_CONVERSION = YES;
				CLANG_WARN_NON_LITERAL_NULL_CONVERSION = YES;
				CLANG_WARN_OBJC_IMPLICIT_RETAIN_SELF = YES;
				CLANG_WARN_OBJC_LITERAL_CONVERSION = YES;
				CLANG_WARN_OBJC_ROOT_CLASS = YES_ERROR;
				CLANG_WARN_QUOTED_INCLUDE_IN_FRAMEWORK_HEADER = YES;
				CLANG_WARN_RANGE_LOOP_ANALYSIS = YES;
				CLANG_WARN_STRICT_PROTOTYPES = YES;
				CLANG_WARN_SUSPICIOUS_MOVE = YES;
				CLANG_WARN_UNGUARDED_AVAILABILITY = YES_AGGRESSIVE;
				CLANG_WARN_UNREACHABLE_CODE = YES;
				CLANG_WARN__DUPLICATE_METHOD_MATCH = YES;
				COPY_PHASE_STRIP = NO;
				DEBUG_INFORMATION_FORMAT = dwarf;
				ENABLE_STRICT_OBJC_MSGSEND = YES;
				ENABLE_TESTABILITY = YES;
				ENABLE_USER_SCRIPT_SANDBOXING = YES;
				GCC_C_LANGUAGE_STANDARD = gnu17;
				GCC_DYNAMIC_NO_PIC = NO;
				GCC_NO_COMMON_BLOCKS = YES;
				GCC_OPTIMIZATION_LEVEL = 0;
				GCC_PREPROCESSOR_DEFINITIONS = (
					"DEBUG=1",
					"$(inherited)",
				);
				GCC_WARN_64_TO_32_BIT_CONVERSION = YES;
				GCC_WARN_ABOUT_RETURN_TYPE = YES_ERROR;
				GCC_WARN_UNDECLARED_SELECTOR = YES;
				GCC_WARN_UNINITIALIZED_AUTOS = YES_AGGRESSIVE;
				GCC_WARN_UNUSED_FUNCTION = YES;
				GCC_WARN_UNUSED_VARIABLE = YES;
				IPHONEOS_DEPLOYMENT_TARGET = 17.2;
				LOCALIZATION_PREFERS_STRING_CATALOGS = YES;
				MTL_ENABLE_DEBUG_INFO = INCLUDE_SOURCE;
				MTL_FAST_MATH = YES;
				ONLY_ACTIVE_ARCH = YES;
				SDKROOT = iphoneos;
				SWIFT_ACTIVE_COMPILATION_CONDITIONS = "DEBUG $(inherited)";
				SWIFT_OPTIMIZATION_LEVEL = "-Onone";
			};
			name = Debug;
		};
		5696D98D2B634A540083586A /* Release */ = {
			isa = XCBuildConfiguration;
			buildSettings = {
				ALWAYS_SEARCH_USER_PATHS = NO;
				ASSETCATALOG_COMPILER_GENERATE_SWIFT_ASSET_SYMBOL_EXTENSIONS = YES;
				CLANG_ANALYZER_NONNULL = YES;
				CLANG_ANALYZER_NUMBER_OBJECT_CONVERSION = YES_AGGRESSIVE;
				CLANG_CXX_LANGUAGE_STANDARD = "gnu++20";
				CLANG_ENABLE_MODULES = YES;
				CLANG_ENABLE_OBJC_ARC = YES;
				CLANG_ENABLE_OBJC_WEAK = YES;
				CLANG_WARN_BLOCK_CAPTURE_AUTORELEASING = YES;
				CLANG_WARN_BOOL_CONVERSION = YES;
				CLANG_WARN_COMMA = YES;
				CLANG_WARN_CONSTANT_CONVERSION = YES;
				CLANG_WARN_DEPRECATED_OBJC_IMPLEMENTATIONS = YES;
				CLANG_WARN_DIRECT_OBJC_ISA_USAGE = YES_ERROR;
				CLANG_WARN_DOCUMENTATION_COMMENTS = YES;
				CLANG_WARN_EMPTY_BODY = YES;
				CLANG_WARN_ENUM_CONVERSION = YES;
				CLANG_WARN_INFINITE_RECURSION = YES;
				CLANG_WARN_INT_CONVERSION = YES;
				CLANG_WARN_NON_LITERAL_NULL_CONVERSION = YES;
				CLANG_WARN_OBJC_IMPLICIT_RETAIN_SELF = YES;
				CLANG_WARN_OBJC_LITERAL_CONVERSION = YES;
				CLANG_WARN_OBJC_ROOT_CLASS = YES_ERROR;
				CLANG_WARN_QUOTED_INCLUDE_IN_FRAMEWORK_HEADER = YES;
				CLANG_WARN_RANGE_LOOP_ANALYSIS = YES;
				CLANG_WARN_STRICT_PROTOTYPES = YES;
				CLANG_WARN_SUSPICIOUS_MOVE = YES;
				CLANG_WARN_UNGUARDED_AVAILABILITY = YES_AGGRESSIVE;
				CLANG_WARN_UNREACHABLE_CODE = YES;
				CLANG_WARN__DUPLICATE_METHOD_MATCH = YES;
				COPY_PHASE_STRIP = NO;
				DEBUG_INFORMATION_FORMAT = "dwarf-with-dsym";
				ENABLE_NS_ASSERTIONS = NO;
				ENABLE_STRICT_OBJC_MSGSEND = YES;
				ENABLE_USER_SCRIPT_SANDBOXING = YES;
				GCC_C_LANGUAGE_STANDARD = gnu17;
				GCC_NO_COMMON_BLOCKS = YES;
				GCC_WARN_64_TO_32_BIT_CONVERSION = YES;
				GCC_WARN_ABOUT_RETURN_TYPE = YES_ERROR;
				GCC_WARN_UNDECLARED_SELECTOR = YES;
				GCC_WARN_UNINITIALIZED_AUTOS = YES_AGGRESSIVE;
				GCC_WARN_UNUSED_FUNCTION = YES;
				GCC_WARN_UNUSED_VARIABLE = YES;
				IPHONEOS_DEPLOYMENT_TARGET = 17.2;
				LOCALIZATION_PREFERS_STRING_CATALOGS = YES;
				MTL_ENABLE_DEBUG_INFO = NO;
				MTL_FAST_MATH = YES;
				SDKROOT = iphoneos;
				SWIFT_COMPILATION_MODE = wholemodule;
				VALIDATE_PRODUCT = YES;
			};
			name = Release;
		};
		5696D98F2B634A540083586A /* Debug */ = {
			isa = XCBuildConfiguration;
			buildSettings = {
				ASSETCATALOG_COMPILER_APPICON_NAME = AppIcon;
				ASSETCATALOG_COMPILER_GLOBAL_ACCENT_COLOR_NAME = AccentColor;
				CODE_SIGN_STYLE = Automatic;
				CURRENT_PROJECT_VERSION = 1;
				DEVELOPMENT_TEAM = ZY76GFPF9W;
				GENERATE_INFOPLIST_FILE = YES;
				INFOPLIST_FILE = Spartagram/Info.plist;
				INFOPLIST_KEY_UIApplicationSupportsIndirectInputEvents = YES;
				INFOPLIST_KEY_UILaunchStoryboardName = LaunchScreen;
				INFOPLIST_KEY_UIMainStoryboardFile = Main;
				INFOPLIST_KEY_UISupportedInterfaceOrientations_iPad = "UIInterfaceOrientationPortrait UIInterfaceOrientationPortraitUpsideDown UIInterfaceOrientationLandscapeLeft UIInterfaceOrientationLandscapeRight";
				INFOPLIST_KEY_UISupportedInterfaceOrientations_iPhone = "UIInterfaceOrientationPortrait UIInterfaceOrientationLandscapeLeft UIInterfaceOrientationLandscapeRight";
				LD_RUNPATH_SEARCH_PATHS = (
					"$(inherited)",
					"@executable_path/Frameworks",
				);
				MARKETING_VERSION = 1.0;
				PRODUCT_BUNDLE_IDENTIFIER = com.app.Spartagram;
				PRODUCT_NAME = "$(TARGET_NAME)";
				SWIFT_EMIT_LOC_STRINGS = YES;
				SWIFT_VERSION = 5.0;
				TARGETED_DEVICE_FAMILY = "1,2";
			};
			name = Debug;
		};
		5696D9902B634A540083586A /* Release */ = {
			isa = XCBuildConfiguration;
			buildSettings = {
				ASSETCATALOG_COMPILER_APPICON_NAME = AppIcon;
				ASSETCATALOG_COMPILER_GLOBAL_ACCENT_COLOR_NAME = AccentColor;
				CODE_SIGN_STYLE = Automatic;
				CURRENT_PROJECT_VERSION = 1;
				DEVELOPMENT_TEAM = ZY76GFPF9W;
				GENERATE_INFOPLIST_FILE = YES;
				INFOPLIST_FILE = Spartagram/Info.plist;
				INFOPLIST_KEY_UIApplicationSupportsIndirectInputEvents = YES;
				INFOPLIST_KEY_UILaunchStoryboardName = LaunchScreen;
				INFOPLIST_KEY_UIMainStoryboardFile = Main;
				INFOPLIST_KEY_UISupportedInterfaceOrientations_iPad = "UIInterfaceOrientationPortrait UIInterfaceOrientationPortraitUpsideDown UIInterfaceOrientationLandscapeLeft UIInterfaceOrientationLandscapeRight";
				INFOPLIST_KEY_UISupportedInterfaceOrientations_iPhone = "UIInterfaceOrientationPortrait UIInterfaceOrientationLandscapeLeft UIInterfaceOrientationLandscapeRight";
				LD_RUNPATH_SEARCH_PATHS = (
					"$(inherited)",
					"@executable_path/Frameworks",
				);
				MARKETING_VERSION = 1.0;
				PRODUCT_BUNDLE_IDENTIFIER = com.app.Spartagram;
				PRODUCT_NAME = "$(TARGET_NAME)";
				SWIFT_EMIT_LOC_STRINGS = YES;
				SWIFT_VERSION = 5.0;
				TARGETED_DEVICE_FAMILY = "1,2";
			};
			name = Release;
		};
		5696D9922B634A540083586A /* Debug */ = {
			isa = XCBuildConfiguration;
			buildSettings = {
				ALWAYS_EMBED_SWIFT_STANDARD_LIBRARIES = YES;
				BUNDLE_LOADER = "$(TEST_HOST)";
				CODE_SIGN_STYLE = Automatic;
				CURRENT_PROJECT_VERSION = 1;
				DEVELOPMENT_TEAM = ZY76GFPF9W;
				GENERATE_INFOPLIST_FILE = YES;
				IPHONEOS_DEPLOYMENT_TARGET = 17.2;
				MARKETING_VERSION = 1.0;
				PRODUCT_BUNDLE_IDENTIFIER = com.app.SpartagramTests;
				PRODUCT_NAME = "$(TARGET_NAME)";
				SWIFT_EMIT_LOC_STRINGS = NO;
				SWIFT_VERSION = 5.0;
				TARGETED_DEVICE_FAMILY = "1,2";
				TEST_HOST = "$(BUILT_PRODUCTS_DIR)/Spartagram.app/$(BUNDLE_EXECUTABLE_FOLDER_PATH)/Spartagram";
			};
			name = Debug;
		};
		5696D9932B634A540083586A /* Release */ = {
			isa = XCBuildConfiguration;
			buildSettings = {
				ALWAYS_EMBED_SWIFT_STANDARD_LIBRARIES = YES;
				BUNDLE_LOADER = "$(TEST_HOST)";
				CODE_SIGN_STYLE = Automatic;
				CURRENT_PROJECT_VERSION = 1;
				DEVELOPMENT_TEAM = ZY76GFPF9W;
				GENERATE_INFOPLIST_FILE = YES;
				IPHONEOS_DEPLOYMENT_TARGET = 17.2;
				MARKETING_VERSION = 1.0;
				PRODUCT_BUNDLE_IDENTIFIER = com.app.SpartagramTests;
				PRODUCT_NAME = "$(TARGET_NAME)";
				SWIFT_EMIT_LOC_STRINGS = NO;
				SWIFT_VERSION = 5.0;
				TARGETED_DEVICE_FAMILY = "1,2";
				TEST_HOST = "$(BUILT_PRODUCTS_DIR)/Spartagram.app/$(BUNDLE_EXECUTABLE_FOLDER_PATH)/Spartagram";
			};
			name = Release;
		};
		5696D9952B634A540083586A /* Debug */ = {
			isa = XCBuildConfiguration;
			buildSettings = {
				ALWAYS_EMBED_SWIFT_STANDARD_LIBRARIES = YES;
				CODE_SIGN_STYLE = Automatic;
				CURRENT_PROJECT_VERSION = 1;
				DEVELOPMENT_TEAM = ZY76GFPF9W;
				GENERATE_INFOPLIST_FILE = YES;
				MARKETING_VERSION = 1.0;
				PRODUCT_BUNDLE_IDENTIFIER = com.app.SpartagramUITests;
				PRODUCT_NAME = "$(TARGET_NAME)";
				SWIFT_EMIT_LOC_STRINGS = NO;
				SWIFT_VERSION = 5.0;
				TARGETED_DEVICE_FAMILY = "1,2";
				TEST_TARGET_NAME = Spartagram;
			};
			name = Debug;
		};
		5696D9962B634A540083586A /* Release */ = {
			isa = XCBuildConfiguration;
			buildSettings = {
				ALWAYS_EMBED_SWIFT_STANDARD_LIBRARIES = YES;
				CODE_SIGN_STYLE = Automatic;
				CURRENT_PROJECT_VERSION = 1;
				DEVELOPMENT_TEAM = ZY76GFPF9W;
				GENERATE_INFOPLIST_FILE = YES;
				MARKETING_VERSION = 1.0;
				PRODUCT_BUNDLE_IDENTIFIER = com.app.SpartagramUITests;
				PRODUCT_NAME = "$(TARGET_NAME)";
				SWIFT_EMIT_LOC_STRINGS = NO;
				SWIFT_VERSION = 5.0;
				TARGETED_DEVICE_FAMILY = "1,2";
				TEST_TARGET_NAME = Spartagram;
			};
			name = Release;
		};
/* End XCBuildConfiguration section */

/* Begin XCConfigurationList section */
		5696D95F2B634A520083586A /* Build configuration list for PBXProject "Spartagram" */ = {
			isa = XCConfigurationList;
			buildConfigurations = (
				5696D98C2B634A540083586A /* Debug */,
				5696D98D2B634A540083586A /* Release */,
			);
			defaultConfigurationIsVisible = 0;
			defaultConfigurationName = Release;
		};
		5696D98E2B634A540083586A /* Build configuration list for PBXNativeTarget "Spartagram" */ = {
			isa = XCConfigurationList;
			buildConfigurations = (
				5696D98F2B634A540083586A /* Debug */,
				5696D9902B634A540083586A /* Release */,
			);
			defaultConfigurationIsVisible = 0;
			defaultConfigurationName = Release;
		};
		5696D9912B634A540083586A /* Build configuration list for PBXNativeTarget "SpartagramTests" */ = {
			isa = XCConfigurationList;
			buildConfigurations = (
				5696D9922B634A540083586A /* Debug */,
				5696D9932B634A540083586A /* Release */,
			);
			defaultConfigurationIsVisible = 0;
			defaultConfigurationName = Release;
		};
		5696D9942B634A540083586A /* Build configuration list for PBXNativeTarget "SpartagramUITests" */ = {
			isa = XCConfigurationList;
			buildConfigurations = (
				5696D9952B634A540083586A /* Debug */,
				5696D9962B634A540083586A /* Release */,
			);
			defaultConfigurationIsVisible = 0;
			defaultConfigurationName = Release;
		};
/* End XCConfigurationList section */
	};
	rootObject = 5696D95C2B634A520083586A /* Project object */;
}
